// !$*UTF8*$!
{
	archiveVersion = 1;
	classes = {
	};
	objectVersion = 56;
	objects = {

/* Begin PBXBuildFile section */
		1D1A733A2A5A3FF500132BC3 /* AppDelegate.swift in Sources */ = {isa = PBXBuildFile; fileRef = 1D1A73392A5A3FF500132BC3 /* AppDelegate.swift */; };
		1D1A733C2A5A3FF500132BC3 /* SceneDelegate.swift in Sources */ = {isa = PBXBuildFile; fileRef = 1D1A733B2A5A3FF500132BC3 /* SceneDelegate.swift */; };
		1D1A733E2A5A3FF500132BC3 /* ViewController.swift in Sources */ = {isa = PBXBuildFile; fileRef = 1D1A733D2A5A3FF500132BC3 /* ViewController.swift */; };
		1D1A73412A5A3FF500132BC3 /* Main.storyboard in Resources */ = {isa = PBXBuildFile; fileRef = 1D1A733F2A5A3FF500132BC3 /* Main.storyboard */; };
		1D1A73432A5A3FF600132BC3 /* Assets.xcassets in Resources */ = {isa = PBXBuildFile; fileRef = 1D1A73422A5A3FF600132BC3 /* Assets.xcassets */; };
		1D1A73462A5A3FF600132BC3 /* LaunchScreen.storyboard in Resources */ = {isa = PBXBuildFile; fileRef = 1D1A73442A5A3FF600132BC3 /* LaunchScreen.storyboard */; };
		1D1A73502A5A41E900132BC3 /* SwiftyJSON in Frameworks */ = {isa = PBXBuildFile; productRef = 1D1A734F2A5A41E900132BC3 /* SwiftyJSON */; };
		1D1A73532A5A41F600132BC3 /* SwiftyDI in Frameworks */ = {isa = PBXBuildFile; productRef = 1D1A73522A5A41F600132BC3 /* SwiftyDI */; };
		1D1A73562A5A466000132BC3 /* PokemonTableViewCell.swift in Sources */ = {isa = PBXBuildFile; fileRef = 1D1A73542A5A466000132BC3 /* PokemonTableViewCell.swift */; };
		1D1A73572A5A466000132BC3 /* PokemonTableViewCell.xib in Resources */ = {isa = PBXBuildFile; fileRef = 1D1A73552A5A466000132BC3 /* PokemonTableViewCell.xib */; };
		1D1A73592A5A529200132BC3 /* Pokemon.swift in Sources */ = {isa = PBXBuildFile; fileRef = 1D1A73582A5A529200132BC3 /* Pokemon.swift */; };
		1D1A735B2A5A5A0900132BC3 /* PokemonUsecase.swift in Sources */ = {isa = PBXBuildFile; fileRef = 1D1A735A2A5A5A0900132BC3 /* PokemonUsecase.swift */; };
		1D1A735D2A5A5A1400132BC3 /* PokemonRepository.swift in Sources */ = {isa = PBXBuildFile; fileRef = 1D1A735C2A5A5A1400132BC3 /* PokemonRepository.swift */; };
		1D1A735F2A5A5B4100132BC3 /* ApiRequest.swift in Sources */ = {isa = PBXBuildFile; fileRef = 1D1A735E2A5A5B4100132BC3 /* ApiRequest.swift */; };
		1D1A73612A5A731100132BC3 /* PokemonRepositoryMock.swift in Sources */ = {isa = PBXBuildFile; fileRef = 1D1A73602A5A731100132BC3 /* PokemonRepositoryMock.swift */; };
/* End PBXBuildFile section */

/* Begin PBXFileReference section */
		1D1A73362A5A3FF500132BC3 /* DIPokemon.app */ = {isa = PBXFileReference; explicitFileType = wrapper.application; includeInIndex = 0; path = DIPokemon.app; sourceTree = BUILT_PRODUCTS_DIR; };
		1D1A73392A5A3FF500132BC3 /* AppDelegate.swift */ = {isa = PBXFileReference; lastKnownFileType = sourcecode.swift; path = AppDelegate.swift; sourceTree = "<group>"; };
		1D1A733B2A5A3FF500132BC3 /* SceneDelegate.swift */ = {isa = PBXFileReference; lastKnownFileType = sourcecode.swift; path = SceneDelegate.swift; sourceTree = "<group>"; };
		1D1A733D2A5A3FF500132BC3 /* ViewController.swift */ = {isa = PBXFileReference; lastKnownFileType = sourcecode.swift; path = ViewController.swift; sourceTree = "<group>"; };
		1D1A73402A5A3FF500132BC3 /* Base */ = {isa = PBXFileReference; lastKnownFileType = file.storyboard; name = Base; path = Base.lproj/Main.storyboard; sourceTree = "<group>"; };
		1D1A73422A5A3FF600132BC3 /* Assets.xcassets */ = {isa = PBXFileReference; lastKnownFileType = folder.assetcatalog; path = Assets.xcassets; sourceTree = "<group>"; };
		1D1A73452A5A3FF600132BC3 /* Base */ = {isa = PBXFileReference; lastKnownFileType = file.storyboard; name = Base; path = Base.lproj/LaunchScreen.storyboard; sourceTree = "<group>"; };
		1D1A73472A5A3FF600132BC3 /* Info.plist */ = {isa = PBXFileReference; lastKnownFileType = text.plist.xml; path = Info.plist; sourceTree = "<group>"; };
		1D1A73542A5A466000132BC3 /* PokemonTableViewCell.swift */ = {isa = PBXFileReference; lastKnownFileType = sourcecode.swift; path = PokemonTableViewCell.swift; sourceTree = "<group>"; };
		1D1A73552A5A466000132BC3 /* PokemonTableViewCell.xib */ = {isa = PBXFileReference; lastKnownFileType = file.xib; path = PokemonTableViewCell.xib; sourceTree = "<group>"; };
		1D1A73582A5A529200132BC3 /* Pokemon.swift */ = {isa = PBXFileReference; lastKnownFileType = sourcecode.swift; path = Pokemon.swift; sourceTree = "<group>"; };
		1D1A735A2A5A5A0900132BC3 /* PokemonUsecase.swift */ = {isa = PBXFileReference; lastKnownFileType = sourcecode.swift; path = PokemonUsecase.swift; sourceTree = "<group>"; };
		1D1A735C2A5A5A1400132BC3 /* PokemonRepository.swift */ = {isa = PBXFileReference; lastKnownFileType = sourcecode.swift; path = PokemonRepository.swift; sourceTree = "<group>"; };
		1D1A735E2A5A5B4100132BC3 /* ApiRequest.swift */ = {isa = PBXFileReference; lastKnownFileType = sourcecode.swift; path = ApiRequest.swift; sourceTree = "<group>"; };
		1D1A73602A5A731100132BC3 /* PokemonRepositoryMock.swift */ = {isa = PBXFileReference; lastKnownFileType = sourcecode.swift; path = PokemonRepositoryMock.swift; sourceTree = "<group>"; };
/* End PBXFileReference section */

/* Begin PBXFrameworksBuildPhase section */
		1D1A73332A5A3FF500132BC3 /* Frameworks */ = {
			isa = PBXFrameworksBuildPhase;
			buildActionMask = 2147483647;
			files = (
				1D1A73502A5A41E900132BC3 /* SwiftyJSON in Frameworks */,
				1D1A73532A5A41F600132BC3 /* SwiftyDI in Frameworks */,
			);
			runOnlyForDeploymentPostprocessing = 0;
		};
/* End PBXFrameworksBuildPhase section */

/* Begin PBXGroup section */
		1D1A732D2A5A3FF500132BC3 = {
			isa = PBXGroup;
			children = (
				1D1A73382A5A3FF500132BC3 /* DIPokemon */,
				1D1A73372A5A3FF500132BC3 /* Products */,
			);
			sourceTree = "<group>";
		};
		1D1A73372A5A3FF500132BC3 /* Products */ = {
			isa = PBXGroup;
			children = (
				1D1A73362A5A3FF500132BC3 /* DIPokemon.app */,
			);
			name = Products;
			sourceTree = "<group>";
		};
		1D1A73382A5A3FF500132BC3 /* DIPokemon */ = {
			isa = PBXGroup;
			children = (
				1D1A73392A5A3FF500132BC3 /* AppDelegate.swift */,
				1D1A733B2A5A3FF500132BC3 /* SceneDelegate.swift */,
				1D1A73582A5A529200132BC3 /* Pokemon.swift */,
				1D1A735E2A5A5B4100132BC3 /* ApiRequest.swift */,
				1D1A735A2A5A5A0900132BC3 /* PokemonUsecase.swift */,
				1D1A735C2A5A5A1400132BC3 /* PokemonRepository.swift */,
				1D1A73602A5A731100132BC3 /* PokemonRepositoryMock.swift */,
				1D1A73542A5A466000132BC3 /* PokemonTableViewCell.swift */,
				1D1A73552A5A466000132BC3 /* PokemonTableViewCell.xib */,
				1D1A733D2A5A3FF500132BC3 /* ViewController.swift */,
				1D1A733F2A5A3FF500132BC3 /* Main.storyboard */,
				1D1A73422A5A3FF600132BC3 /* Assets.xcassets */,
				1D1A73442A5A3FF600132BC3 /* LaunchScreen.storyboard */,
				1D1A73472A5A3FF600132BC3 /* Info.plist */,
			);
			path = DIPokemon;
			sourceTree = "<group>";
		};
/* End PBXGroup section */

/* Begin PBXNativeTarget section */
		1D1A73352A5A3FF500132BC3 /* DIPokemon */ = {
			isa = PBXNativeTarget;
			buildConfigurationList = 1D1A734A2A5A3FF600132BC3 /* Build configuration list for PBXNativeTarget "DIPokemon" */;
			buildPhases = (
				1D1A73322A5A3FF500132BC3 /* Sources */,
				1D1A73332A5A3FF500132BC3 /* Frameworks */,
				1D1A73342A5A3FF500132BC3 /* Resources */,
				1D1A734D2A5A416F00132BC3 /* ShellScript */,
			);
			buildRules = (
			);
			dependencies = (
			);
			name = DIPokemon;
			packageProductDependencies = (
				1D1A734F2A5A41E900132BC3 /* SwiftyJSON */,
				1D1A73522A5A41F600132BC3 /* SwiftyDI */,
			);
			productName = DIPokemon;
			productReference = 1D1A73362A5A3FF500132BC3 /* DIPokemon.app */;
			productType = "com.apple.product-type.application";
		};
/* End PBXNativeTarget section */

/* Begin PBXProject section */
		1D1A732E2A5A3FF500132BC3 /* Project object */ = {
			isa = PBXProject;
			attributes = {
				BuildIndependentTargetsInParallel = 1;
				LastSwiftUpdateCheck = 1430;
				LastUpgradeCheck = 1430;
				TargetAttributes = {
					1D1A73352A5A3FF500132BC3 = {
						CreatedOnToolsVersion = 14.3.1;
					};
				};
			};
			buildConfigurationList = 1D1A73312A5A3FF500132BC3 /* Build configuration list for PBXProject "DIPokemon" */;
			compatibilityVersion = "Xcode 14.0";
			developmentRegion = en;
			hasScannedForEncodings = 0;
			knownRegions = (
				en,
				Base,
			);
			mainGroup = 1D1A732D2A5A3FF500132BC3;
			packageReferences = (
				1D1A734E2A5A41E900132BC3 /* XCRemoteSwiftPackageReference "SwiftyJSON" */,
				1D1A73512A5A41F600132BC3 /* XCRemoteSwiftPackageReference "SwiftyDI" */,
			);
			productRefGroup = 1D1A73372A5A3FF500132BC3 /* Products */;
			projectDirPath = "";
			projectRoot = "";
			targets = (
				1D1A73352A5A3FF500132BC3 /* DIPokemon */,
			);
		};
/* End PBXProject section */

/* Begin PBXResourcesBuildPhase section */
		1D1A73342A5A3FF500132BC3 /* Resources */ = {
			isa = PBXResourcesBuildPhase;
			buildActionMask = 2147483647;
			files = (
				1D1A73462A5A3FF600132BC3 /* LaunchScreen.storyboard in Resources */,
				1D1A73572A5A466000132BC3 /* PokemonTableViewCell.xib in Resources */,
				1D1A73432A5A3FF600132BC3 /* Assets.xcassets in Resources */,
				1D1A73412A5A3FF500132BC3 /* Main.storyboard in Resources */,
			);
			runOnlyForDeploymentPostprocessing = 0;
		};
/* End PBXResourcesBuildPhase section */

/* Begin PBXShellScriptBuildPhase section */
		1D1A734D2A5A416F00132BC3 /* ShellScript */ = {
			isa = PBXShellScriptBuildPhase;
			buildActionMask = 2147483647;
			files = (
			);
			inputFileListPaths = (
			);
			inputPaths = (
			);
			outputFileListPaths = (
			);
			outputPaths = (
			);
			runOnlyForDeploymentPostprocessing = 0;
			shellPath = /bin/sh;
			shellScript = "if which swiftlint >/dev/null; then\n  swiftlint\nelse\n  echo \"warning: SwiftLint not installed, download from https://github.com/realm/SwiftLint\"\nfi\n";
		};
/* End PBXShellScriptBuildPhase section */

/* Begin PBXSourcesBuildPhase section */
		1D1A73322A5A3FF500132BC3 /* Sources */ = {
			isa = PBXSourcesBuildPhase;
			buildActionMask = 2147483647;
			files = (
				1D1A73612A5A731100132BC3 /* PokemonRepositoryMock.swift in Sources */,
				1D1A73592A5A529200132BC3 /* Pokemon.swift in Sources */,
				1D1A735D2A5A5A1400132BC3 /* PokemonRepository.swift in Sources */,
				1D1A733E2A5A3FF500132BC3 /* ViewController.swift in Sources */,
				1D1A73562A5A466000132BC3 /* PokemonTableViewCell.swift in Sources */,
				1D1A733A2A5A3FF500132BC3 /* AppDelegate.swift in Sources */,
				1D1A733C2A5A3FF500132BC3 /* SceneDelegate.swift in Sources */,
				1D1A735F2A5A5B4100132BC3 /* ApiRequest.swift in Sources */,
				1D1A735B2A5A5A0900132BC3 /* PokemonUsecase.swift in Sources */,
			);
			runOnlyForDeploymentPostprocessing = 0;
		};
/* End PBXSourcesBuildPhase section */

/* Begin PBXVariantGroup section */
		1D1A733F2A5A3FF500132BC3 /* Main.storyboard */ = {
			isa = PBXVariantGroup;
			children = (
				1D1A73402A5A3FF500132BC3 /* Base */,
			);
			name = Main.storyboard;
			sourceTree = "<group>";
		};
		1D1A73442A5A3FF600132BC3 /* LaunchScreen.storyboard */ = {
			isa = PBXVariantGroup;
			children = (
				1D1A73452A5A3FF600132BC3 /* Base */,
			);
			name = LaunchScreen.storyboard;
			sourceTree = "<group>";
		};
/* End PBXVariantGroup section */

/* Begin XCBuildConfiguration section */
		1D1A73482A5A3FF600132BC3 /* Debug */ = {
			isa = XCBuildConfiguration;
			buildSettings = {
				ALWAYS_SEARCH_USER_PATHS = NO;
				CLANG_ANALYZER_NONNULL = YES;
				CLANG_ANALYZER_NUMBER_OBJECT_CONVERSION = YES_AGGRESSIVE;
				CLANG_CXX_LANGUAGE_STANDARD = "gnu++20";
				CLANG_ENABLE_MODULES = YES;
				CLANG_ENABLE_OBJC_ARC = YES;
				CLANG_ENABLE_OBJC_WEAK = YES;
				CLANG_WARN_BLOCK_CAPTURE_AUTORELEASING = YES;
				CLANG_WARN_BOOL_CONVERSION = YES;
				CLANG_WARN_COMMA = YES;
				CLANG_WARN_CONSTANT_CONVERSION = YES;
				CLANG_WARN_DEPRECATED_OBJC_IMPLEMENTATIONS = YES;
				CLANG_WARN_DIRECT_OBJC_ISA_USAGE = YES_ERROR;
				CLANG_WARN_DOCUMENTATION_COMMENTS = YES;
				CLANG_WARN_EMPTY_BODY = YES;
				CLANG_WARN_ENUM_CONVERSION = YES;
				CLANG_WARN_INFINITE_RECURSION = YES;
				CLANG_WARN_INT_CONVERSION = YES;
				CLANG_WARN_NON_LITERAL_NULL_CONVERSION = YES;
				CLANG_WARN_OBJC_IMPLICIT_RETAIN_SELF = YES;
				CLANG_WARN_OBJC_LITERAL_CONVERSION = YES;
				CLANG_WARN_OBJC_ROOT_CLASS = YES_ERROR;
				CLANG_WARN_QUOTED_INCLUDE_IN_FRAMEWORK_HEADER = YES;
				CLANG_WARN_RANGE_LOOP_ANALYSIS = YES;
				CLANG_WARN_STRICT_PROTOTYPES = YES;
				CLANG_WARN_SUSPICIOUS_MOVE = YES;
				CLANG_WARN_UNGUARDED_AVAILABILITY = YES_AGGRESSIVE;
				CLANG_WARN_UNREACHABLE_CODE = YES;
				CLANG_WARN__DUPLICATE_METHOD_MATCH = YES;
				COPY_PHASE_STRIP = NO;
				DEBUG_INFORMATION_FORMAT = dwarf;
				ENABLE_STRICT_OBJC_MSGSEND = YES;
				ENABLE_TESTABILITY = YES;
				GCC_C_LANGUAGE_STANDARD = gnu11;
				GCC_DYNAMIC_NO_PIC = NO;
				GCC_NO_COMMON_BLOCKS = YES;
				GCC_OPTIMIZATION_LEVEL = 0;
				GCC_PREPROCESSOR_DEFINITIONS = (
					"DEBUG=1",
					"$(inherited)",
				);
				GCC_WARN_64_TO_32_BIT_CONVERSION = YES;
				GCC_WARN_ABOUT_RETURN_TYPE = YES_ERROR;
				GCC_WARN_UNDECLARED_SELECTOR = YES;
				GCC_WARN_UNINITIALIZED_AUTOS = YES_AGGRESSIVE;
				GCC_WARN_UNUSED_FUNCTION = YES;
				GCC_WARN_UNUSED_VARIABLE = YES;
				IPHONEOS_DEPLOYMENT_TARGET = 16.4;
				MTL_ENABLE_DEBUG_INFO = INCLUDE_SOURCE;
				MTL_FAST_MATH = YES;
				ONLY_ACTIVE_ARCH = YES;
				SDKROOT = iphoneos;
				SWIFT_ACTIVE_COMPILATION_CONDITIONS = DEBUG;
				SWIFT_OPTIMIZATION_LEVEL = "-Onone";
			};
			name = Debug;
		};
		1D1A73492A5A3FF600132BC3 /* Release */ = {
			isa = XCBuildConfiguration;
			buildSettings = {
				ALWAYS_SEARCH_USER_PATHS = NO;
				CLANG_ANALYZER_NONNULL = YES;
				CLANG_ANALYZER_NUMBER_OBJECT_CONVERSION = YES_AGGRESSIVE;
				CLANG_CXX_LANGUAGE_STANDARD = "gnu++20";
				CLANG_ENABLE_MODULES = YES;
				CLANG_ENABLE_OBJC_ARC = YES;
				CLANG_ENABLE_OBJC_WEAK = YES;
				CLANG_WARN_BLOCK_CAPTURE_AUTORELEASING = YES;
				CLANG_WARN_BOOL_CONVERSION = YES;
				CLANG_WARN_COMMA = YES;
				CLANG_WARN_CONSTANT_CONVERSION = YES;
				CLANG_WARN_DEPRECATED_OBJC_IMPLEMENTATIONS = YES;
				CLANG_WARN_DIRECT_OBJC_ISA_USAGE = YES_ERROR;
				CLANG_WARN_DOCUMENTATION_COMMENTS = YES;
				CLANG_WARN_EMPTY_BODY = YES;
				CLANG_WARN_ENUM_CONVERSION = YES;
				CLANG_WARN_INFINITE_RECURSION = YES;
				CLANG_WARN_INT_CONVERSION = YES;
				CLANG_WARN_NON_LITERAL_NULL_CONVERSION = YES;
				CLANG_WARN_OBJC_IMPLICIT_RETAIN_SELF = YES;
				CLANG_WARN_OBJC_LITERAL_CONVERSION = YES;
				CLANG_WARN_OBJC_ROOT_CLASS = YES_ERROR;
				CLANG_WARN_QUOTED_INCLUDE_IN_FRAMEWORK_HEADER = YES;
				CLANG_WARN_RANGE_LOOP_ANALYSIS = YES;
				CLANG_WARN_STRICT_PROTOTYPES = YES;
				CLANG_WARN_SUSPICIOUS_MOVE = YES;
				CLANG_WARN_UNGUARDED_AVAILABILITY = YES_AGGRESSIVE;
				CLANG_WARN_UNREACHABLE_CODE = YES;
				CLANG_WARN__DUPLICATE_METHOD_MATCH = YES;
				COPY_PHASE_STRIP = NO;
				DEBUG_INFORMATION_FORMAT = "dwarf-with-dsym";
				ENABLE_NS_ASSERTIONS = NO;
				ENABLE_STRICT_OBJC_MSGSEND = YES;
				GCC_C_LANGUAGE_STANDARD = gnu11;
				GCC_NO_COMMON_BLOCKS = YES;
				GCC_WARN_64_TO_32_BIT_CONVERSION = YES;
				GCC_WARN_ABOUT_RETURN_TYPE = YES_ERROR;
				GCC_WARN_UNDECLARED_SELECTOR = YES;
				GCC_WARN_UNINITIALIZED_AUTOS = YES_AGGRESSIVE;
				GCC_WARN_UNUSED_FUNCTION = YES;
				GCC_WARN_UNUSED_VARIABLE = YES;
				IPHONEOS_DEPLOYMENT_TARGET = 16.4;
				MTL_ENABLE_DEBUG_INFO = NO;
				MTL_FAST_MATH = YES;
				SDKROOT = iphoneos;
				SWIFT_COMPILATION_MODE = wholemodule;
				SWIFT_OPTIMIZATION_LEVEL = "-O";
				VALIDATE_PRODUCT = YES;
			};
			name = Release;
		};
		1D1A734B2A5A3FF600132BC3 /* Debug */ = {
			isa = XCBuildConfiguration;
			buildSettings = {
				ASSETCATALOG_COMPILER_APPICON_NAME = AppIcon;
				ASSETCATALOG_COMPILER_GLOBAL_ACCENT_COLOR_NAME = AccentColor;
				CODE_SIGN_STYLE = Automatic;
				CURRENT_PROJECT_VERSION = 1;
				DEVELOPMENT_TEAM = 5BR9PKVDZT;
				GENERATE_INFOPLIST_FILE = YES;
				INFOPLIST_FILE = DIPokemon/Info.plist;
				INFOPLIST_KEY_UIApplicationSupportsIndirectInputEvents = YES;
				INFOPLIST_KEY_UILaunchStoryboardName = LaunchScreen;
				INFOPLIST_KEY_UIMainStoryboardFile = Main;
				INFOPLIST_KEY_UISupportedInterfaceOrientations_iPad = "UIInterfaceOrientationPortrait UIInterfaceOrientationPortraitUpsideDown UIInterfaceOrientationLandscapeLeft UIInterfaceOrientationLandscapeRight";
				INFOPLIST_KEY_UISupportedInterfaceOrientations_iPhone = "UIInterfaceOrientationPortrait UIInterfaceOrientationLandscapeLeft UIInterfaceOrientationLandscapeRight";
				IPHONEOS_DEPLOYMENT_TARGET = 14.0;
				LD_RUNPATH_SEARCH_PATHS = (
					"$(inherited)",
					"@executable_path/Frameworks",
				);
				MARKETING_VERSION = 1.0;
				PRODUCT_BUNDLE_IDENTIFIER = com.example.DIPokemon;
				PRODUCT_NAME = "$(TARGET_NAME)";
				SUPPORTED_PLATFORMS = "iphoneos iphonesimulator";
				SUPPORTS_MACCATALYST = NO;
				SUPPORTS_MAC_DESIGNED_FOR_IPHONE_IPAD = NO;
				SWIFT_EMIT_LOC_STRINGS = YES;
				SWIFT_VERSION = 5.0;
				TARGETED_DEVICE_FAMILY = 1;
			};
			name = Debug;
		};
		1D1A734C2A5A3FF600132BC3 /* Release */ = {
			isa = XCBuildConfiguration;
			buildSettings = {
				ASSETCATALOG_COMPILER_APPICON_NAME = AppIcon;
				ASSETCATALOG_COMPILER_GLOBAL_ACCENT_COLOR_NAME = AccentColor;
				CODE_SIGN_STYLE = Automatic;
				CURRENT_PROJECT_VERSION = 1;
				DEVELOPMENT_TEAM = 5BR9PKVDZT;
				GENERATE_INFOPLIST_FILE = YES;
				INFOPLIST_FILE = DIPokemon/Info.plist;
				INFOPLIST_KEY_UIApplicationSupportsIndirectInputEvents = YES;
				INFOPLIST_KEY_UILaunchStoryboardName = LaunchScreen;
				INFOPLIST_KEY_UIMainStoryboardFile = Main;
				INFOPLIST_KEY_UISupportedInterfaceOrientations_iPad = "UIInterfaceOrientationPortrait UIInterfaceOrientationPortraitUpsideDown UIInterfaceOrientationLandscapeLeft UIInterfaceOrientationLandscapeRight";
				INFOPLIST_KEY_UISupportedInterfaceOrientations_iPhone = "UIInterfaceOrientationPortrait UIInterfaceOrientationLandscapeLeft UIInterfaceOrientationLandscapeRight";
				IPHONEOS_DEPLOYMENT_TARGET = 14.0;
				LD_RUNPATH_SEARCH_PATHS = (
					"$(inherited)",
					"@executable_path/Frameworks",
				);
				MARKETING_VERSION = 1.0;
				PRODUCT_BUNDLE_IDENTIFIER = com.example.DIPokemon;
				PRODUCT_NAME = "$(TARGET_NAME)";
				SUPPORTED_PLATFORMS = "iphoneos iphonesimulator";
				SUPPORTS_MACCATALYST = NO;
				SUPPORTS_MAC_DESIGNED_FOR_IPHONE_IPAD = NO;
				SWIFT_EMIT_LOC_STRINGS = YES;
				SWIFT_VERSION = 5.0;
				TARGETED_DEVICE_FAMILY = 1;
			};
			name = Release;
		};
/* End XCBuildConfiguration section */

/* Begin XCConfigurationList section */
		1D1A73312A5A3FF500132BC3 /* Build configuration list for PBXProject "DIPokemon" */ = {
			isa = XCConfigurationList;
			buildConfigurations = (
				1D1A73482A5A3FF600132BC3 /* Debug */,
				1D1A73492A5A3FF600132BC3 /* Release */,
			);
			defaultConfigurationIsVisible = 0;
			defaultConfigurationName = Release;
		};
		1D1A734A2A5A3FF600132BC3 /* Build configuration list for PBXNativeTarget "DIPokemon" */ = {
			isa = XCConfigurationList;
			buildConfigurations = (
				1D1A734B2A5A3FF600132BC3 /* Debug */,
				1D1A734C2A5A3FF600132BC3 /* Release */,
			);
			defaultConfigurationIsVisible = 0;
			defaultConfigurationName = Release;
		};
/* End XCConfigurationList section */

/* Begin XCRemoteSwiftPackageReference section */
		1D1A734E2A5A41E900132BC3 /* XCRemoteSwiftPackageReference "SwiftyJSON" */ = {
			isa = XCRemoteSwiftPackageReference;
			repositoryURL = "https://github.com/SwiftyJSON/SwiftyJSON";
			requirement = {
				kind = upToNextMajorVersion;
				minimumVersion = 5.0.0;
			};
		};
		1D1A73512A5A41F600132BC3 /* XCRemoteSwiftPackageReference "SwiftyDI" */ = {
			isa = XCRemoteSwiftPackageReference;
			repositoryURL = "https://github.com/assystems/SwiftyDI";
			requirement = {
				kind = upToNextMajorVersion;
				minimumVersion = 1.0.0;
			};
		};
/* End XCRemoteSwiftPackageReference section */

/* Begin XCSwiftPackageProductDependency section */
		1D1A734F2A5A41E900132BC3 /* SwiftyJSON */ = {
			isa = XCSwiftPackageProductDependency;
			package = 1D1A734E2A5A41E900132BC3 /* XCRemoteSwiftPackageReference "SwiftyJSON" */;
			productName = SwiftyJSON;
		};
		1D1A73522A5A41F600132BC3 /* SwiftyDI */ = {
			isa = XCSwiftPackageProductDependency;
			package = 1D1A73512A5A41F600132BC3 /* XCRemoteSwiftPackageReference "SwiftyDI" */;
			productName = SwiftyDI;
		};
/* End XCSwiftPackageProductDependency section */
	};
	rootObject = 1D1A732E2A5A3FF500132BC3 /* Project object */;
}
